PODS:
  - Flutter (1.0.0)
  - HBDNavigationBar (1.7.7)
  - tj_flutter_router_plugin (0.0.1):
    - Flutter
    - HBDNavigationBar

DEPENDENCIES:
  - Flutter (from `Flutter`)
  - tj_flutter_router_plugin (from `.symlinks/plugins/tj_flutter_router_plugin/ios`)

SPEC REPOS:
  trunk:
    - HBDNavigationBar

EXTERNAL SOURCES:
  Flutter:
    :path: Flutter
  tj_flutter_router_plugin:
    :path: ".symlinks/plugins/tj_flutter_router_plugin/ios"

SPEC CHECKSUMS:
  Flutter: 0e3d915762c693b495b44d77113d4970485de6ec
  HBDNavigationBar: 6ba38b99637039c831ce460364d5398f29fa0685
  tj_flutter_router_plugin: 223e39525797493677fb4c13a77bd5f59e1efd9b

PODFILE CHECKSUM: 8e679eca47255a8ca8067c4c67aab20e64cb974d

COCOAPODS: 1.9.1
